// !$*UTF8*$!
{
	archiveVersion = 1;
	classes = {
	};
	objectVersion = 46;
	objects = {

/* Begin PBXBuildFile section */
		13297FF019EB576C00AEDBAE /* Main.storyboard in Resources */ = {isa = PBXBuildFile; fileRef = 13297FEF19EB576C00AEDBAE /* Main.storyboard */; };
		1392FDBD19D2A4A100CDABBF /* RecommendationCardViewController.swift in Sources */ = {isa = PBXBuildFile; fileRef = 1392FDBC19D2A4A100CDABBF /* RecommendationCardViewController.swift */; };
		1395434919EE477B00AD2076 /* CuisinesTableViewController.swift in Sources */ = {isa = PBXBuildFile; fileRef = 1395434819EE477B00AD2076 /* CuisinesTableViewController.swift */; };
		13E32FFE19D25E450059BC71 /* AppDelegate.swift in Sources */ = {isa = PBXBuildFile; fileRef = 13E32FFD19D25E450059BC71 /* AppDelegate.swift */; };
		13E3300119D25E450059BC71 /* Yearn.xcdatamodeld in Sources */ = {isa = PBXBuildFile; fileRef = 13E32FFF19D25E450059BC71 /* Yearn.xcdatamodeld */; };
		13E3300319D25E450059BC71 /* HowFarViewController.swift in Sources */ = {isa = PBXBuildFile; fileRef = 13E3300219D25E450059BC71 /* HowFarViewController.swift */; };
		13E3300819D25E450059BC71 /* Images.xcassets in Resources */ = {isa = PBXBuildFile; fileRef = 13E3300719D25E450059BC71 /* Images.xcassets */; };
		13E3300B19D25E450059BC71 /* LaunchScreen.xib in Resources */ = {isa = PBXBuildFile; fileRef = 13E3300919D25E450059BC71 /* LaunchScreen.xib */; };
		13E3301719D25E450059BC71 /* YearnTests.swift in Sources */ = {isa = PBXBuildFile; fileRef = 13E3301619D25E450059BC71 /* YearnTests.swift */; };
/* End PBXBuildFile section */

/* Begin PBXContainerItemProxy section */
		13E3301119D25E450059BC71 /* PBXContainerItemProxy */ = {
			isa = PBXContainerItemProxy;
			containerPortal = 13E32FF019D25E450059BC71 /* Project object */;
			proxyType = 1;
			remoteGlobalIDString = 13E32FF719D25E450059BC71;
			remoteInfo = Yearn;
		};
/* End PBXContainerItemProxy section */

/* Begin PBXFileReference section */
		13297FEF19EB576C00AEDBAE /* Main.storyboard */ = {isa = PBXFileReference; fileEncoding = 4; lastKnownFileType = file.storyboard; name = Main.storyboard; path = ../Main.storyboard; sourceTree = "<group>"; };
		1392FDBC19D2A4A100CDABBF /* RecommendationCardViewController.swift */ = {isa = PBXFileReference; fileEncoding = 4; lastKnownFileType = sourcecode.swift; path = RecommendationCardViewController.swift; sourceTree = "<group>"; };
		1395434819EE477B00AD2076 /* CuisinesTableViewController.swift */ = {isa = PBXFileReference; fileEncoding = 4; lastKnownFileType = sourcecode.swift; path = CuisinesTableViewController.swift; sourceTree = "<group>"; };
		13E32FF819D25E450059BC71 /* Yearn.app */ = {isa = PBXFileReference; explicitFileType = wrapper.application; includeInIndex = 0; path = Yearn.app; sourceTree = BUILT_PRODUCTS_DIR; };
		13E32FFC19D25E450059BC71 /* Info.plist */ = {isa = PBXFileReference; lastKnownFileType = text.plist.xml; path = Info.plist; sourceTree = "<group>"; };
		13E32FFD19D25E450059BC71 /* AppDelegate.swift */ = {isa = PBXFileReference; lastKnownFileType = sourcecode.swift; path = AppDelegate.swift; sourceTree = "<group>"; };
		13E3300019D25E450059BC71 /* Yearn.xcdatamodel */ = {isa = PBXFileReference; lastKnownFileType = wrapper.xcdatamodel; path = Yearn.xcdatamodel; sourceTree = "<group>"; };
		13E3300219D25E450059BC71 /* HowFarViewController.swift */ = {isa = PBXFileReference; lastKnownFileType = sourcecode.swift; path = HowFarViewController.swift; sourceTree = "<group>"; };
		13E3300719D25E450059BC71 /* Images.xcassets */ = {isa = PBXFileReference; lastKnownFileType = folder.assetcatalog; path = Images.xcassets; sourceTree = "<group>"; };
		13E3300A19D25E450059BC71 /* Base */ = {isa = PBXFileReference; lastKnownFileType = file.xib; name = Base; path = Base.lproj/LaunchScreen.xib; sourceTree = "<group>"; };
		13E3301019D25E450059BC71 /* YearnTests.xctest */ = {isa = PBXFileReference; explicitFileType = wrapper.cfbundle; includeInIndex = 0; path = YearnTests.xctest; sourceTree = BUILT_PRODUCTS_DIR; };
		13E3301519D25E450059BC71 /* Info.plist */ = {isa = PBXFileReference; lastKnownFileType = text.plist.xml; path = Info.plist; sourceTree = "<group>"; };
		13E3301619D25E450059BC71 /* YearnTests.swift */ = {isa = PBXFileReference; lastKnownFileType = sourcecode.swift; path = YearnTests.swift; sourceTree = "<group>"; };
/* End PBXFileReference section */

/* Begin PBXFrameworksBuildPhase section */
		13E32FF519D25E450059BC71 /* Frameworks */ = {
			isa = PBXFrameworksBuildPhase;
			buildActionMask = 2147483647;
			files = (
			);
			runOnlyForDeploymentPostprocessing = 0;
		};
		13E3300D19D25E450059BC71 /* Frameworks */ = {
			isa = PBXFrameworksBuildPhase;
			buildActionMask = 2147483647;
			files = (
			);
			runOnlyForDeploymentPostprocessing = 0;
		};
/* End PBXFrameworksBuildPhase section */

/* Begin PBXGroup section */
		13E32FEF19D25E450059BC71 = {
			isa = PBXGroup;
			children = (
				13E32FFA19D25E450059BC71 /* Yearn */,
				13E3301319D25E450059BC71 /* YearnTests */,
				13E32FF919D25E450059BC71 /* Products */,
			);
			sourceTree = "<group>";
		};
		13E32FF919D25E450059BC71 /* Products */ = {
			isa = PBXGroup;
			children = (
				13E32FF819D25E450059BC71 /* Yearn.app */,
				13E3301019D25E450059BC71 /* YearnTests.xctest */,
			);
			name = Products;
			sourceTree = "<group>";
		};
		13E32FFA19D25E450059BC71 /* Yearn */ = {
			isa = PBXGroup;
			children = (
				13297FEF19EB576C00AEDBAE /* Main.storyboard */,
				13E32FFD19D25E450059BC71 /* AppDelegate.swift */,
				13E3300219D25E450059BC71 /* HowFarViewController.swift */,
				1395434819EE477B00AD2076 /* CuisinesTableViewController.swift */,
				1392FDBC19D2A4A100CDABBF /* RecommendationCardViewController.swift */,
				13E3300719D25E450059BC71 /* Images.xcassets */,
				13E3300919D25E450059BC71 /* LaunchScreen.xib */,
				13E32FFF19D25E450059BC71 /* Yearn.xcdatamodeld */,
				13E32FFB19D25E450059BC71 /* Supporting Files */,
			);
			path = Yearn;
			sourceTree = "<group>";
		};
		13E32FFB19D25E450059BC71 /* Supporting Files */ = {
			isa = PBXGroup;
			children = (
				13E32FFC19D25E450059BC71 /* Info.plist */,
			);
			name = "Supporting Files";
			sourceTree = "<group>";
		};
		13E3301319D25E450059BC71 /* YearnTests */ = {
			isa = PBXGroup;
			children = (
				13E3301619D25E450059BC71 /* YearnTests.swift */,
				13E3301419D25E450059BC71 /* Supporting Files */,
			);
			path = YearnTests;
			sourceTree = "<group>";
		};
		13E3301419D25E450059BC71 /* Supporting Files */ = {
			isa = PBXGroup;
			children = (
				13E3301519D25E450059BC71 /* Info.plist */,
			);
			name = "Supporting Files";
			sourceTree = "<group>";
		};
/* End PBXGroup section */

/* Begin PBXNativeTarget section */
		13E32FF719D25E450059BC71 /* Yearn */ = {
			isa = PBXNativeTarget;
			buildConfigurationList = 13E3301A19D25E450059BC71 /* Build configuration list for PBXNativeTarget "Yearn" */;
			buildPhases = (
				13E32FF419D25E450059BC71 /* Sources */,
				13E32FF519D25E450059BC71 /* Frameworks */,
				13E32FF619D25E450059BC71 /* Resources */,
			);
			buildRules = (
			);
			dependencies = (
			);
			name = Yearn;
			productName = Yearn;
			productReference = 13E32FF819D25E450059BC71 /* Yearn.app */;
			productType = "com.apple.product-type.application";
		};
		13E3300F19D25E450059BC71 /* YearnTests */ = {
			isa = PBXNativeTarget;
			buildConfigurationList = 13E3301D19D25E450059BC71 /* Build configuration list for PBXNativeTarget "YearnTests" */;
			buildPhases = (
				13E3300C19D25E450059BC71 /* Sources */,
				13E3300D19D25E450059BC71 /* Frameworks */,
				13E3300E19D25E450059BC71 /* Resources */,
			);
			buildRules = (
			);
			dependencies = (
				13E3301219D25E450059BC71 /* PBXTargetDependency */,
			);
			name = YearnTests;
			productName = YearnTests;
			productReference = 13E3301019D25E450059BC71 /* YearnTests.xctest */;
			productType = "com.apple.product-type.bundle.unit-test";
		};
/* End PBXNativeTarget section */

/* Begin PBXProject section */
		13E32FF019D25E450059BC71 /* Project object */ = {
			isa = PBXProject;
			attributes = {
				LastUpgradeCheck = 0600;
				ORGANIZATIONNAME = "Mohd Irtefa";
				TargetAttributes = {
					13E32FF719D25E450059BC71 = {
						CreatedOnToolsVersion = 6.0.1;
						DevelopmentTeam = 7VJYN5MT49;
					};
					13E3300F19D25E450059BC71 = {
						CreatedOnToolsVersion = 6.0.1;
						TestTargetID = 13E32FF719D25E450059BC71;
					};
				};
			};
			buildConfigurationList = 13E32FF319D25E450059BC71 /* Build configuration list for PBXProject "Yearn" */;
			compatibilityVersion = "Xcode 3.2";
			developmentRegion = English;
			hasScannedForEncodings = 0;
			knownRegions = (
				en,
				Base,
			);
			mainGroup = 13E32FEF19D25E450059BC71;
			productRefGroup = 13E32FF919D25E450059BC71 /* Products */;
			projectDirPath = "";
			projectRoot = "";
			targets = (
				13E32FF719D25E450059BC71 /* Yearn */,
				13E3300F19D25E450059BC71 /* YearnTests */,
			);
		};
/* End PBXProject section */

/* Begin PBXResourcesBuildPhase section */
		13E32FF619D25E450059BC71 /* Resources */ = {
			isa = PBXResourcesBuildPhase;
			buildActionMask = 2147483647;
			files = (
				13297FF019EB576C00AEDBAE /* Main.storyboard in Resources */,
				13E3300B19D25E450059BC71 /* LaunchScreen.xib in Resources */,
				13E3300819D25E450059BC71 /* Images.xcassets in Resources */,
			);
			runOnlyForDeploymentPostprocessing = 0;
		};
		13E3300E19D25E450059BC71 /* Resources */ = {
			isa = PBXResourcesBuildPhase;
			buildActionMask = 2147483647;
			files = (
			);
			runOnlyForDeploymentPostprocessing = 0;
		};
/* End PBXResourcesBuildPhase section */

/* Begin PBXSourcesBuildPhase section */
		13E32FF419D25E450059BC71 /* Sources */ = {
			isa = PBXSourcesBuildPhase;
			buildActionMask = 2147483647;
			files = (
				1392FDBD19D2A4A100CDABBF /* RecommendationCardViewController.swift in Sources */,
				13E3300319D25E450059BC71 /* HowFarViewController.swift in Sources */,
				13E32FFE19D25E450059BC71 /* AppDelegate.swift in Sources */,
				13E3300119D25E450059BC71 /* Yearn.xcdatamodeld in Sources */,
				1395434919EE477B00AD2076 /* CuisinesTableViewController.swift in Sources */,
			);
			runOnlyForDeploymentPostprocessing = 0;
		};
		13E3300C19D25E450059BC71 /* Sources */ = {
			isa = PBXSourcesBuildPhase;
			buildActionMask = 2147483647;
			files = (
				13E3301719D25E450059BC71 /* YearnTests.swift in Sources */,
			);
			runOnlyForDeploymentPostprocessing = 0;
		};
/* End PBXSourcesBuildPhase section */

/* Begin PBXTargetDependency section */
		13E3301219D25E450059BC71 /* PBXTargetDependency */ = {
			isa = PBXTargetDependency;
			target = 13E32FF719D25E450059BC71 /* Yearn */;
			targetProxy = 13E3301119D25E450059BC71 /* PBXContainerItemProxy */;
		};
/* End PBXTargetDependency section */

/* Begin PBXVariantGroup section */
		13E3300919D25E450059BC71 /* LaunchScreen.xib */ = {
			isa = PBXVariantGroup;
			children = (
				13E3300A19D25E450059BC71 /* Base */,
			);
			name = LaunchScreen.xib;
			sourceTree = "<group>";
		};
/* End PBXVariantGroup section */

/* Begin XCBuildConfiguration section */
		13E3301819D25E450059BC71 /* Debug */ = {
			isa = XCBuildConfiguration;
			buildSettings = {
				ALWAYS_SEARCH_USER_PATHS = NO;
				CLANG_CXX_LANGUAGE_STANDARD = "gnu++0x";
				CLANG_CXX_LIBRARY = "libc++";
				CLANG_ENABLE_MODULES = YES;
				CLANG_ENABLE_OBJC_ARC = YES;
				CLANG_WARN_BOOL_CONVERSION = YES;
				CLANG_WARN_CONSTANT_CONVERSION = YES;
				CLANG_WARN_DIRECT_OBJC_ISA_USAGE = YES_ERROR;
				CLANG_WARN_EMPTY_BODY = YES;
				CLANG_WARN_ENUM_CONVERSION = YES;
				CLANG_WARN_INT_CONVERSION = YES;
				CLANG_WARN_OBJC_ROOT_CLASS = YES_ERROR;
				CLANG_WARN_UNREACHABLE_CODE = YES;
				CLANG_WARN__DUPLICATE_METHOD_MATCH = YES;
				"CODE_SIGN_IDENTITY[sdk=iphoneos*]" = "iPhone Developer";
				COPY_PHASE_STRIP = NO;
				ENABLE_STRICT_OBJC_MSGSEND = YES;
				GCC_C_LANGUAGE_STANDARD = gnu99;
				GCC_DYNAMIC_NO_PIC = NO;
				GCC_OPTIMIZATION_LEVEL = 0;
				GCC_PREPROCESSOR_DEFINITIONS = (
					"DEBUG=1",
					"$(inherited)",
				);
				GCC_SYMBOLS_PRIVATE_EXTERN = NO;
				GCC_WARN_64_TO_32_BIT_CONVERSION = YES;
				GCC_WARN_ABOUT_RETURN_TYPE = YES_ERROR;
				GCC_WARN_UNDECLARED_SELECTOR = YES;
				GCC_WARN_UNINITIALIZED_AUTOS = YES_AGGRESSIVE;
				GCC_WARN_UNUSED_FUNCTION = YES;
				GCC_WARN_UNUSED_VARIABLE = YES;
				IPHONEOS_DEPLOYMENT_TARGET = 8.0;
				MTL_ENABLE_DEBUG_INFO = YES;
				ONLY_ACTIVE_ARCH = YES;
				SDKROOT = iphoneos;
				SWIFT_OPTIMIZATION_LEVEL = "-Onone";
			};
			name = Debug;
		};
		13E3301919D25E450059BC71 /* Release */ = {
			isa = XCBuildConfiguration;
			buildSettings = {
				ALWAYS_SEARCH_USER_PATHS = NO;
				CLANG_CXX_LANGUAGE_STANDARD = "gnu++0x";
				CLANG_CXX_LIBRARY = "libc++";
				CLANG_ENABLE_MODULES = YES;
				CLANG_ENABLE_OBJC_ARC = YES;
				CLANG_WARN_BOOL_CONVERSION = YES;
				CLANG_WARN_CONSTANT_CONVERSION = YES;
				CLANG_WARN_DIRECT_OBJC_ISA_USAGE = YES_ERROR;
				CLANG_WARN_EMPTY_BODY = YES;
				CLANG_WARN_ENUM_CONVERSION = YES;
				CLANG_WARN_INT_CONVERSION = YES;
				CLANG_WARN_OBJC_ROOT_CLASS = YES_ERROR;
				CLANG_WARN_UNREACHABLE_CODE = YES;
				CLANG_WARN__DUPLICATE_METHOD_MATCH = YES;
				"CODE_SIGN_IDENTITY[sdk=iphoneos*]" = "iPhone Developer";
				COPY_PHASE_STRIP = YES;
				ENABLE_NS_ASSERTIONS = NO;
				ENABLE_STRICT_OBJC_MSGSEND = YES;
				GCC_C_LANGUAGE_STANDARD = gnu99;
				GCC_WARN_64_TO_32_BIT_CONVERSION = YES;
				GCC_WARN_ABOUT_RETURN_TYPE = YES_ERROR;
				GCC_WARN_UNDECLARED_SELECTOR = YES;
				GCC_WARN_UNINITIALIZED_AUTOS = YES_AGGRESSIVE;
				GCC_WARN_UNUSED_FUNCTION = YES;
				GCC_WARN_UNUSED_VARIABLE = YES;
				IPHONEOS_DEPLOYMENT_TARGET = 8.0;
				MTL_ENABLE_DEBUG_INFO = NO;
				SDKROOT = iphoneos;
				VALIDATE_PRODUCT = YES;
			};
			name = Release;
		};
		13E3301B19D25E450059BC71 /* Debug */ = {
			isa = XCBuildConfiguration;
			buildSettings = {
				ASSETCATALOG_COMPILER_APPICON_NAME = AppIcon;
				CODE_SIGN_IDENTITY = "iPhone Developer";
				"CODE_SIGN_IDENTITY[sdk=iphoneos*]" = "iPhone Developer";
				INFOPLIST_FILE = Yearn/Info.plist;
				LD_RUNPATH_SEARCH_PATHS = "$(inherited) @executable_path/Frameworks";
				PRODUCT_NAME = "$(TARGET_NAME)";
				PROVISIONING_PROFILE = "";
				TARGETED_DEVICE_FAMILY = 1;
			};
			name = Debug;
		};
		13E3301C19D25E450059BC71 /* Release */ = {
			isa = XCBuildConfiguration;
			buildSettings = {
				ASSETCATALOG_COMPILER_APPICON_NAME = AppIcon;
				CODE_SIGN_IDENTITY = "iPhone Developer";
				"CODE_SIGN_IDENTITY[sdk=iphoneos*]" = "iPhone Developer";
				INFOPLIST_FILE = Yearn/Info.plist;
				LD_RUNPATH_SEARCH_PATHS = "$(inherited) @executable_path/Frameworks";
				PRODUCT_NAME = "$(TARGET_NAME)";
				PROVISIONING_PROFILE = "";
				TARGETED_DEVICE_FAMILY = 1;
			};
			name = Release;
		};
		13E3301E19D25E450059BC71 /* Debug */ = {
			isa = XCBuildConfiguration;
			buildSettings = {
				BUNDLE_LOADER = "$(TEST_HOST)";
				FRAMEWORK_SEARCH_PATHS = (
					"$(SDKROOT)/Developer/Library/Frameworks",
					"$(inherited)",
				);
				GCC_PREPROCESSOR_DEFINITIONS = (
					"DEBUG=1",
					"$(inherited)",
				);
				INFOPLIST_FILE = YearnTests/Info.plist;
				LD_RUNPATH_SEARCH_PATHS = "$(inherited) @executable_path/Frameworks @loader_path/Frameworks";
				PRODUCT_NAME = "$(TARGET_NAME)";
				TEST_HOST = "$(BUILT_PRODUCTS_DIR)/Yearn.app/Yearn";
			};
			name = Debug;
		};
		13E3301F19D25E450059BC71 /* Release */ = {
			isa = XCBuildConfiguration;
			buildSettings = {
				BUNDLE_LOADER = "$(TEST_HOST)";
				FRAMEWORK_SEARCH_PATHS = (
					"$(SDKROOT)/Developer/Library/Frameworks",
					"$(inherited)",
				);
				INFOPLIST_FILE = YearnTests/Info.plist;
				LD_RUNPATH_SEARCH_PATHS = "$(inherited) @executable_path/Frameworks @loader_path/Frameworks";
				PRODUCT_NAME = "$(TARGET_NAME)";
				TEST_HOST = "$(BUILT_PRODUCTS_DIR)/Yearn.app/Yearn";
			};
			name = Release;
		};
/* End XCBuildConfiguration section */

/* Begin XCConfigurationList section */
		13E32FF319D25E450059BC71 /* Build configuration list for PBXProject "Yearn" */ = {
			isa = XCConfigurationList;
			buildConfigurations = (
				13E3301819D25E450059BC71 /* Debug */,
				13E3301919D25E450059BC71 /* Release */,
			);
			defaultConfigurationIsVisible = 0;
			defaultConfigurationName = Release;
		};
		13E3301A19D25E450059BC71 /* Build configuration list for PBXNativeTarget "Yearn" */ = {
			isa = XCConfigurationList;
			buildConfigurations = (
				13E3301B19D25E450059BC71 /* Debug */,
				13E3301C19D25E450059BC71 /* Release */,
			);
			defaultConfigurationIsVisible = 0;
			defaultConfigurationName = Release;
		};
		13E3301D19D25E450059BC71 /* Build configuration list for PBXNativeTarget "YearnTests" */ = {
			isa = XCConfigurationList;
			buildConfigurations = (
				13E3301E19D25E450059BC71 /* Debug */,
				13E3301F19D25E450059BC71 /* Release */,
			);
			defaultConfigurationIsVisible = 0;
			defaultConfigurationName = Release;
		};
/* End XCConfigurationList section */

/* Begin XCVersionGroup section */
		13E32FFF19D25E450059BC71 /* Yearn.xcdatamodeld */ = {
			isa = XCVersionGroup;
			children = (
				13E3300019D25E450059BC71 /* Yearn.xcdatamodel */,
			);
			currentVersion = 13E3300019D25E450059BC71 /* Yearn.xcdatamodel */;
			path = Yearn.xcdatamodeld;
			sourceTree = "<group>";
			versionGroupType = wrapper.xcdatamodel;
		};
/* End XCVersionGroup section */
	};
	rootObject = 13E32FF019D25E450059BC71 /* Project object */;
}
